
Microsoft Visual Studio Solution File, Format Version 12.00
# Visual Studio Version 16
VisualStudioVersion = 16.0.30128.74
MinimumVisualStudioVersion = 10.0.40219.1
Project("{FAE04EC0-301F-11D3-BF4B-00C04F79EFBC}") = "VoiceRecognition", "VoiceRecognition\VoiceRecognition.csproj", "{6F8B2C30-8103-422F-9155-84E7EFAFB201}"
EndProject
Global
	GlobalSection(SolutionConfigurationPlatforms) = preSolution
		Debug|Any CPU = Debug|Any CPU
		Release|Any CPU = Release|Any CPU
	EndGlobalSection
	GlobalSection(ProjectConfigurationPlatforms) = postSolution
		{6F8B2C30-8103-422F-9155-84E7EFAFB201}.Debug|Any CPU.ActiveCfg = Debug|Any CPU
		{6F8B2C30-8103-422F-9155-84E7EFAFB201}.Debug|Any CPU.Build.0 = Debug|Any CPU
		{6F8B2C30-8103-422F-9155-84E7EFAFB201}.Release|Any CPU.ActiveCfg = Release|Any CPU
		{6F8B2C30-8103-422F-9155-84E7EFAFB201}.Release|Any CPU.Build.0 = Release|Any CPU
	EndGlobalSection
	GlobalSection(SolutionProperties) = preSolution
		HideSolutionNode = FALSE
	EndGlobalSection
	GlobalSection(ExtensibilityGlobals) = postSolution
		SolutionGuid = {718A0E0A-B5DB-4256-BF84-8EA55EB77176}
	EndGlobalSection
EndGlobal
